
Microsoft Visual Studio Solution File, Format Version 12.00
# Visual Studio Version 17
VisualStudioVersion = 17.3.32714.290
MinimumVisualStudioVersion = 10.0.40219.1
Project("{9A19103F-16F7-4668-BE54-9A1E7A4F7556}") = "Business", "Business\Business.csproj", "{FAC699F5-03BA-40FA-8F43-F4D75490AF63}"
EndProject
Project("{9A19103F-16F7-4668-BE54-9A1E7A4F7556}") = "Entities", "Entities\Entities.csproj", "{830E38B2-B6C4-44E0-AE39-2FD1D44636B8}"
EndProject
Project("{9A19103F-16F7-4668-BE54-9A1E7A4F7556}") = "WebAPI", "WebAPI\WebAPI.csproj", "{F1CAF91B-6D61-45AA-8DF1-390D87B8849E}"
EndProject
Project("{FAE04EC0-301F-11D3-BF4B-00C04F79EFBC}") = "DataAccesss", "DataAccesss\DataAccesss.csproj", "{7D9F1BEE-D4EF-4DA8-8D0C-AE883A8453A4}"
EndProject
Global
	GlobalSection(SolutionConfigurationPlatforms) = preSolution
		Debug|Any CPU = Debug|Any CPU
		Release|Any CPU = Release|Any CPU
	EndGlobalSection
	GlobalSection(ProjectConfigurationPlatforms) = postSolution
		{FAC699F5-03BA-40FA-8F43-F4D75490AF63}.Debug|Any CPU.ActiveCfg = Debug|Any CPU
		{FAC699F5-03BA-40FA-8F43-F4D75490AF63}.Debug|Any CPU.Build.0 = Debug|Any CPU
		{FAC699F5-03BA-40FA-8F43-F4D75490AF63}.Release|Any CPU.ActiveCfg = Release|Any CPU
		{FAC699F5-03BA-40FA-8F43-F4D75490AF63}.Release|Any CPU.Build.0 = Release|Any CPU
		{830E38B2-B6C4-44E0-AE39-2FD1D44636B8}.Debug|Any CPU.ActiveCfg = Debug|Any CPU
		{830E38B2-B6C4-44E0-AE39-2FD1D44636B8}.Debug|Any CPU.Build.0 = Debug|Any CPU
		{830E38B2-B6C4-44E0-AE39-2FD1D44636B8}.Release|Any CPU.ActiveCfg = Release|Any CPU
		{830E38B2-B6C4-44E0-AE39-2FD1D44636B8}.Release|Any CPU.Build.0 = Release|Any CPU
		{F1CAF91B-6D61-45AA-8DF1-390D87B8849E}.Debug|Any CPU.ActiveCfg = Debug|Any CPU
		{F1CAF91B-6D61-45AA-8DF1-390D87B8849E}.Debug|Any CPU.Build.0 = Debug|Any CPU
		{F1CAF91B-6D61-45AA-8DF1-390D87B8849E}.Release|Any CPU.ActiveCfg = Release|Any CPU
		{F1CAF91B-6D61-45AA-8DF1-390D87B8849E}.Release|Any CPU.Build.0 = Release|Any CPU
		{7D9F1BEE-D4EF-4DA8-8D0C-AE883A8453A4}.Debug|Any CPU.ActiveCfg = Debug|Any CPU
		{7D9F1BEE-D4EF-4DA8-8D0C-AE883A8453A4}.Debug|Any CPU.Build.0 = Debug|Any CPU
		{7D9F1BEE-D4EF-4DA8-8D0C-AE883A8453A4}.Release|Any CPU.ActiveCfg = Release|Any CPU
		{7D9F1BEE-D4EF-4DA8-8D0C-AE883A8453A4}.Release|Any CPU.Build.0 = Release|Any CPU
	EndGlobalSection
	GlobalSection(SolutionProperties) = preSolution
		HideSolutionNode = FALSE
	EndGlobalSection
	GlobalSection(ExtensibilityGlobals) = postSolution
		SolutionGuid = {A70E4BF7-06DB-4D70-96E5-040D6290D972}
	EndGlobalSection
EndGlobal
